
Microsoft Visual Studio Solution File, Format Version 12.00
# Visual Studio Version 16
VisualStudioVersion = 16.0.32002.261
MinimumVisualStudioVersion = 10.0.40219.1
Project("{FAE04EC0-301F-11D3-BF4B-00C04F79EFBC}") = "Tikal-Bot", "Tikal-Bot\Tikal-Bot.csproj", "{8A0884BC-1155-4FCB-AB0F-FBE9873622E2}"
EndProject
Global
	GlobalSection(SolutionConfigurationPlatforms) = preSolution
		Debug|Any CPU = Debug|Any CPU
		Release|Any CPU = Release|Any CPU
	EndGlobalSection
	GlobalSection(ProjectConfigurationPlatforms) = postSolution
		{8A0884BC-1155-4FCB-AB0F-FBE9873622E2}.Debug|Any CPU.ActiveCfg = Debug|Any CPU
		{8A0884BC-1155-4FCB-AB0F-FBE9873622E2}.Debug|Any CPU.Build.0 = Debug|Any CPU
		{8A0884BC-1155-4FCB-AB0F-FBE9873622E2}.Release|Any CPU.ActiveCfg = Release|Any CPU
		{8A0884BC-1155-4FCB-AB0F-FBE9873622E2}.Release|Any CPU.Build.0 = Release|Any CPU
	EndGlobalSection
	GlobalSection(SolutionProperties) = preSolution
		HideSolutionNode = FALSE
	EndGlobalSection
	GlobalSection(ExtensibilityGlobals) = postSolution
		SolutionGuid = {0F02B0F8-E13F-4B8A-8B29-F9CF224AE1FF}
	EndGlobalSection
EndGlobal
